{
    "requires": true,
    "lockfileVersion": 1,
    "dependencies": {
        "bootstrap-v4-rtl": {
            "version": "4.5.2-1",
            "resolved": "https://registry.npmjs.org/bootstrap-v4-rtl/-/bootstrap-v4-rtl-4.5.2-1.tgz",
            "integrity": "sha512-lwu6VIHAMNaY5VcMbNQa8L7xkBISEW1pq5XA6bpTggz+ONWT6Ya+m774tXh31uBf/SOx6TnuUeD7pEb4e/eGDw=="
        }
    }
}
